
Microsoft Visual Studio Solution File, Format Version 12.00
# Visual Studio Version 17
VisualStudioVersion = 17.0.31903.59
MinimumVisualStudioVersion = 10.0.40219.1
Project("{FAE04EC0-301F-11D3-BF4B-00C04F79EFBC}") = "BetService.DataAccess", "src\BetService.DataAccess\BetService.DataAccess.csproj", "{934E32CA-C951-4D61-870E-1AE4C6DA441D}"
EndProject
Project("{FAE04EC0-301F-11D3-BF4B-00C04F79EFBC}") = "BetService.BusinessLogic", "src\BetService.BusinessLogic\BetService.BusinessLogic.csproj", "{DD481ED5-58D4-4AF0-8D0B-E71097970559}"
EndProject
Project("{FAE04EC0-301F-11D3-BF4B-00C04F79EFBC}") = "BetService.Grpc", "src\BetService.Grpc\BetService.Grpc.csproj", "{7CEB0894-4D9D-4F8F-8D32-4DB9D3EDC978}"
EndProject
Global
	GlobalSection(SolutionConfigurationPlatforms) = preSolution
		Debug|Any CPU = Debug|Any CPU
		Release|Any CPU = Release|Any CPU
	EndGlobalSection
	GlobalSection(ProjectConfigurationPlatforms) = postSolution
		{934E32CA-C951-4D61-870E-1AE4C6DA441D}.Debug|Any CPU.ActiveCfg = Debug|Any CPU
		{934E32CA-C951-4D61-870E-1AE4C6DA441D}.Debug|Any CPU.Build.0 = Debug|Any CPU
		{934E32CA-C951-4D61-870E-1AE4C6DA441D}.Release|Any CPU.ActiveCfg = Release|Any CPU
		{934E32CA-C951-4D61-870E-1AE4C6DA441D}.Release|Any CPU.Build.0 = Release|Any CPU
		{DD481ED5-58D4-4AF0-8D0B-E71097970559}.Debug|Any CPU.ActiveCfg = Debug|Any CPU
		{DD481ED5-58D4-4AF0-8D0B-E71097970559}.Debug|Any CPU.Build.0 = Debug|Any CPU
		{DD481ED5-58D4-4AF0-8D0B-E71097970559}.Release|Any CPU.ActiveCfg = Release|Any CPU
		{DD481ED5-58D4-4AF0-8D0B-E71097970559}.Release|Any CPU.Build.0 = Release|Any CPU
		{7CEB0894-4D9D-4F8F-8D32-4DB9D3EDC978}.Debug|Any CPU.ActiveCfg = Debug|Any CPU
		{7CEB0894-4D9D-4F8F-8D32-4DB9D3EDC978}.Debug|Any CPU.Build.0 = Debug|Any CPU
		{7CEB0894-4D9D-4F8F-8D32-4DB9D3EDC978}.Release|Any CPU.ActiveCfg = Release|Any CPU
		{7CEB0894-4D9D-4F8F-8D32-4DB9D3EDC978}.Release|Any CPU.Build.0 = Release|Any CPU
	EndGlobalSection
	GlobalSection(SolutionProperties) = preSolution
		HideSolutionNode = FALSE
	EndGlobalSection
	GlobalSection(ExtensibilityGlobals) = postSolution
		SolutionGuid = {D25DA3AD-6536-47B3-9C2C-279F9168A0CF}
	EndGlobalSection
EndGlobal
